
Microsoft Visual Studio Solution File, Format Version 12.00
# Visual Studio Version 17
VisualStudioVersion = 17.9.34714.143
MinimumVisualStudioVersion = 10.0.40219.1
Project("{9A19103F-16F7-4668-BE54-9A1E7A4F7556}") = "rin.Core", "rin.Core\rin.Core.csproj", "{5D8EAE44-56A0-4744-B71A-A9CCB45C8C4A}"
EndProject
Project("{9A19103F-16F7-4668-BE54-9A1E7A4F7556}") = "rin.Editor", "examples\rin.Editor\rin.Editor.csproj", "{2B33CF2A-A881-4E61-8231-55942D30C864}"
	ProjectSection(ProjectDependencies) = postProject
		{932D8BEE-6567-48E0-8448-9EE6BB5E32BC} = {932D8BEE-6567-48E0-8448-9EE6BB5E32BC}
	EndProjectSection
EndProject
Project("{9A19103F-16F7-4668-BE54-9A1E7A4F7556}") = "rin.Widgets", "rin.Widgets\rin.Widgets.csproj", "{932D8BEE-6567-48E0-8448-9EE6BB5E32BC}"
	ProjectSection(ProjectDependencies) = postProject
		{5D8EAE44-56A0-4744-B71A-A9CCB45C8C4A} = {5D8EAE44-56A0-4744-B71A-A9CCB45C8C4A}
	EndProjectSection
EndProject
Project("{9A19103F-16F7-4668-BE54-9A1E7A4F7556}") = "rin.Audio", "rin.Audio\rin.Audio.csproj", "{59CDB22A-FD2A-43BE-BEF0-6E551800EE0B}"
EndProject
Project("{9A19103F-16F7-4668-BE54-9A1E7A4F7556}") = "rin.Scene", "rin.Scene\rin.Scene.csproj", "{8D4B9623-7DCB-4FA7-B1ED-00E53E9543A5}"
EndProject
Project("{9A19103F-16F7-4668-BE54-9A1E7A4F7556}") = "rin.Graphics", "rin.Graphics\rin.Graphics.csproj", "{7CBDDC33-2A0E-405C-A1D5-876F8C661DEE}"
EndProject
Project("{FAE04EC0-301F-11D3-BF4B-00C04F79EFBC}") = "WidgetTest", "examples\WidgetTest\WidgetTest.csproj", "{515D3A8F-AA58-4533-B73C-03CC30D42BBB}"
EndProject
Project("{FAE04EC0-301F-11D3-BF4B-00C04F79EFBC}") = "rin.Launcher", "examples\rin.Launcher\rin.Launcher.csproj", "{C7ADFD10-F185-48A0-9845-8DE1FA6D0874}"
EndProject
Project("{FAE04EC0-301F-11D3-BF4B-00C04F79EFBC}") = "rin.Sdf", "rin.Sdf\rin.Sdf.csproj", "{B7DC25A3-A290-467C-92F2-032BF27CB9CE}"
EndProject
Project("{FAE04EC0-301F-11D3-BF4B-00C04F79EFBC}") = "SceneTest", "examples\SceneTest\SceneTest.csproj", "{8E6B0876-04C6-4D79-B39F-293090B4802D}"
EndProject
Project("{FAE04EC0-301F-11D3-BF4B-00C04F79EFBC}") = "AudioPlayer", "examples\AudioPlayer\AudioPlayer.csproj", "{E294D3AB-725E-4456-8794-55A4D115F841}"
EndProject
Project("{FAE04EC0-301F-11D3-BF4B-00C04F79EFBC}") = "rsl", "rsl\rsl\rsl.csproj", "{A2386FA5-D9D4-441B-B454-147E306CFE2E}"
EndProject
Project("{FAE04EC0-301F-11D3-BF4B-00C04F79EFBC}") = "Animations", "examples\Animations\Animations.csproj", "{C459D8C0-73AC-4072-8D4C-621CA7922FD0}"
EndProject
Project("{FAE04EC0-301F-11D3-BF4B-00C04F79EFBC}") = "HoYoPlayClone", "examples\HoYoPlayClone\HoYoPlayClone.csproj", "{38FE4225-4FE3-4EEC-ABB6-F4E4CFF524F4}"
EndProject
Global
	GlobalSection(SolutionConfigurationPlatforms) = preSolution
		Debug|Any CPU = Debug|Any CPU
		Debug|x64 = Debug|x64
		Debug|x86 = Debug|x86
		Release|Any CPU = Release|Any CPU
		Release|x64 = Release|x64
		Release|x86 = Release|x86
	EndGlobalSection
	GlobalSection(ProjectConfigurationPlatforms) = postSolution
		{5D8EAE44-56A0-4744-B71A-A9CCB45C8C4A}.Debug|Any CPU.ActiveCfg = Debug|Any CPU
		{5D8EAE44-56A0-4744-B71A-A9CCB45C8C4A}.Debug|Any CPU.Build.0 = Debug|Any CPU
		{5D8EAE44-56A0-4744-B71A-A9CCB45C8C4A}.Debug|x64.ActiveCfg = Debug|Any CPU
		{5D8EAE44-56A0-4744-B71A-A9CCB45C8C4A}.Debug|x64.Build.0 = Debug|Any CPU
		{5D8EAE44-56A0-4744-B71A-A9CCB45C8C4A}.Debug|x86.ActiveCfg = Debug|Any CPU
		{5D8EAE44-56A0-4744-B71A-A9CCB45C8C4A}.Debug|x86.Build.0 = Debug|Any CPU
		{5D8EAE44-56A0-4744-B71A-A9CCB45C8C4A}.Release|Any CPU.ActiveCfg = Release|Any CPU
		{5D8EAE44-56A0-4744-B71A-A9CCB45C8C4A}.Release|Any CPU.Build.0 = Release|Any CPU
		{5D8EAE44-56A0-4744-B71A-A9CCB45C8C4A}.Release|x64.ActiveCfg = Release|Any CPU
		{5D8EAE44-56A0-4744-B71A-A9CCB45C8C4A}.Release|x64.Build.0 = Release|Any CPU
		{5D8EAE44-56A0-4744-B71A-A9CCB45C8C4A}.Release|x86.ActiveCfg = Release|Any CPU
		{5D8EAE44-56A0-4744-B71A-A9CCB45C8C4A}.Release|x86.Build.0 = Release|Any CPU
		{2B33CF2A-A881-4E61-8231-55942D30C864}.Debug|Any CPU.ActiveCfg = Debug|Any CPU
		{2B33CF2A-A881-4E61-8231-55942D30C864}.Debug|Any CPU.Build.0 = Debug|Any CPU
		{2B33CF2A-A881-4E61-8231-55942D30C864}.Debug|x64.ActiveCfg = Debug|Any CPU
		{2B33CF2A-A881-4E61-8231-55942D30C864}.Debug|x64.Build.0 = Debug|Any CPU
		{2B33CF2A-A881-4E61-8231-55942D30C864}.Debug|x86.ActiveCfg = Debug|Any CPU
		{2B33CF2A-A881-4E61-8231-55942D30C864}.Debug|x86.Build.0 = Debug|Any CPU
		{2B33CF2A-A881-4E61-8231-55942D30C864}.Release|Any CPU.ActiveCfg = Release|Any CPU
		{2B33CF2A-A881-4E61-8231-55942D30C864}.Release|Any CPU.Build.0 = Release|Any CPU
		{2B33CF2A-A881-4E61-8231-55942D30C864}.Release|x64.ActiveCfg = Release|Any CPU
		{2B33CF2A-A881-4E61-8231-55942D30C864}.Release|x64.Build.0 = Release|Any CPU
		{2B33CF2A-A881-4E61-8231-55942D30C864}.Release|x86.ActiveCfg = Release|Any CPU
		{2B33CF2A-A881-4E61-8231-55942D30C864}.Release|x86.Build.0 = Release|Any CPU
		{932D8BEE-6567-48E0-8448-9EE6BB5E32BC}.Debug|Any CPU.ActiveCfg = Debug|Any CPU
		{932D8BEE-6567-48E0-8448-9EE6BB5E32BC}.Debug|Any CPU.Build.0 = Debug|Any CPU
		{932D8BEE-6567-48E0-8448-9EE6BB5E32BC}.Debug|x64.ActiveCfg = Debug|Any CPU
		{932D8BEE-6567-48E0-8448-9EE6BB5E32BC}.Debug|x64.Build.0 = Debug|Any CPU
		{932D8BEE-6567-48E0-8448-9EE6BB5E32BC}.Debug|x86.ActiveCfg = Debug|Any CPU
		{932D8BEE-6567-48E0-8448-9EE6BB5E32BC}.Debug|x86.Build.0 = Debug|Any CPU
		{932D8BEE-6567-48E0-8448-9EE6BB5E32BC}.Release|Any CPU.ActiveCfg = Release|Any CPU
		{932D8BEE-6567-48E0-8448-9EE6BB5E32BC}.Release|Any CPU.Build.0 = Release|Any CPU
		{932D8BEE-6567-48E0-8448-9EE6BB5E32BC}.Release|x64.ActiveCfg = Release|Any CPU
		{932D8BEE-6567-48E0-8448-9EE6BB5E32BC}.Release|x64.Build.0 = Release|Any CPU
		{932D8BEE-6567-48E0-8448-9EE6BB5E32BC}.Release|x86.ActiveCfg = Release|Any CPU
		{932D8BEE-6567-48E0-8448-9EE6BB5E32BC}.Release|x86.Build.0 = Release|Any CPU
		{59CDB22A-FD2A-43BE-BEF0-6E551800EE0B}.Debug|Any CPU.ActiveCfg = Debug|Any CPU
		{59CDB22A-FD2A-43BE-BEF0-6E551800EE0B}.Debug|Any CPU.Build.0 = Debug|Any CPU
		{59CDB22A-FD2A-43BE-BEF0-6E551800EE0B}.Debug|x64.ActiveCfg = Debug|Any CPU
		{59CDB22A-FD2A-43BE-BEF0-6E551800EE0B}.Debug|x64.Build.0 = Debug|Any CPU
		{59CDB22A-FD2A-43BE-BEF0-6E551800EE0B}.Debug|x86.ActiveCfg = Debug|Any CPU
		{59CDB22A-FD2A-43BE-BEF0-6E551800EE0B}.Debug|x86.Build.0 = Debug|Any CPU
		{59CDB22A-FD2A-43BE-BEF0-6E551800EE0B}.Release|Any CPU.ActiveCfg = Release|Any CPU
		{59CDB22A-FD2A-43BE-BEF0-6E551800EE0B}.Release|Any CPU.Build.0 = Release|Any CPU
		{59CDB22A-FD2A-43BE-BEF0-6E551800EE0B}.Release|x64.ActiveCfg = Release|Any CPU
		{59CDB22A-FD2A-43BE-BEF0-6E551800EE0B}.Release|x64.Build.0 = Release|Any CPU
		{59CDB22A-FD2A-43BE-BEF0-6E551800EE0B}.Release|x86.ActiveCfg = Release|Any CPU
		{59CDB22A-FD2A-43BE-BEF0-6E551800EE0B}.Release|x86.Build.0 = Release|Any CPU
		{8D4B9623-7DCB-4FA7-B1ED-00E53E9543A5}.Debug|Any CPU.ActiveCfg = Debug|Any CPU
		{8D4B9623-7DCB-4FA7-B1ED-00E53E9543A5}.Debug|Any CPU.Build.0 = Debug|Any CPU
		{8D4B9623-7DCB-4FA7-B1ED-00E53E9543A5}.Debug|x64.ActiveCfg = Debug|Any CPU
		{8D4B9623-7DCB-4FA7-B1ED-00E53E9543A5}.Debug|x64.Build.0 = Debug|Any CPU
		{8D4B9623-7DCB-4FA7-B1ED-00E53E9543A5}.Debug|x86.ActiveCfg = Debug|Any CPU
		{8D4B9623-7DCB-4FA7-B1ED-00E53E9543A5}.Debug|x86.Build.0 = Debug|Any CPU
		{8D4B9623-7DCB-4FA7-B1ED-00E53E9543A5}.Release|Any CPU.ActiveCfg = Release|Any CPU
		{8D4B9623-7DCB-4FA7-B1ED-00E53E9543A5}.Release|Any CPU.Build.0 = Release|Any CPU
		{8D4B9623-7DCB-4FA7-B1ED-00E53E9543A5}.Release|x64.ActiveCfg = Release|Any CPU
		{8D4B9623-7DCB-4FA7-B1ED-00E53E9543A5}.Release|x64.Build.0 = Release|Any CPU
		{8D4B9623-7DCB-4FA7-B1ED-00E53E9543A5}.Release|x86.ActiveCfg = Release|Any CPU
		{8D4B9623-7DCB-4FA7-B1ED-00E53E9543A5}.Release|x86.Build.0 = Release|Any CPU
		{7CBDDC33-2A0E-405C-A1D5-876F8C661DEE}.Debug|Any CPU.ActiveCfg = Debug|Any CPU
		{7CBDDC33-2A0E-405C-A1D5-876F8C661DEE}.Debug|Any CPU.Build.0 = Debug|Any CPU
		{7CBDDC33-2A0E-405C-A1D5-876F8C661DEE}.Debug|x64.ActiveCfg = Debug|Any CPU
		{7CBDDC33-2A0E-405C-A1D5-876F8C661DEE}.Debug|x64.Build.0 = Debug|Any CPU
		{7CBDDC33-2A0E-405C-A1D5-876F8C661DEE}.Debug|x86.ActiveCfg = Debug|Any CPU
		{7CBDDC33-2A0E-405C-A1D5-876F8C661DEE}.Debug|x86.Build.0 = Debug|Any CPU
		{7CBDDC33-2A0E-405C-A1D5-876F8C661DEE}.Release|Any CPU.ActiveCfg = Release|Any CPU
		{7CBDDC33-2A0E-405C-A1D5-876F8C661DEE}.Release|Any CPU.Build.0 = Release|Any CPU
		{7CBDDC33-2A0E-405C-A1D5-876F8C661DEE}.Release|x64.ActiveCfg = Release|Any CPU
		{7CBDDC33-2A0E-405C-A1D5-876F8C661DEE}.Release|x64.Build.0 = Release|Any CPU
		{7CBDDC33-2A0E-405C-A1D5-876F8C661DEE}.Release|x86.ActiveCfg = Release|Any CPU
		{7CBDDC33-2A0E-405C-A1D5-876F8C661DEE}.Release|x86.Build.0 = Release|Any CPU
		{515D3A8F-AA58-4533-B73C-03CC30D42BBB}.Debug|Any CPU.ActiveCfg = Debug|Any CPU
		{515D3A8F-AA58-4533-B73C-03CC30D42BBB}.Debug|Any CPU.Build.0 = Debug|Any CPU
		{515D3A8F-AA58-4533-B73C-03CC30D42BBB}.Debug|x64.ActiveCfg = Debug|Any CPU
		{515D3A8F-AA58-4533-B73C-03CC30D42BBB}.Debug|x64.Build.0 = Debug|Any CPU
		{515D3A8F-AA58-4533-B73C-03CC30D42BBB}.Debug|x86.ActiveCfg = Debug|Any CPU
		{515D3A8F-AA58-4533-B73C-03CC30D42BBB}.Debug|x86.Build.0 = Debug|Any CPU
		{515D3A8F-AA58-4533-B73C-03CC30D42BBB}.Release|Any CPU.ActiveCfg = Release|Any CPU
		{515D3A8F-AA58-4533-B73C-03CC30D42BBB}.Release|Any CPU.Build.0 = Release|Any CPU
		{515D3A8F-AA58-4533-B73C-03CC30D42BBB}.Release|x64.ActiveCfg = Release|Any CPU
		{515D3A8F-AA58-4533-B73C-03CC30D42BBB}.Release|x64.Build.0 = Release|Any CPU
		{515D3A8F-AA58-4533-B73C-03CC30D42BBB}.Release|x86.ActiveCfg = Release|Any CPU
		{515D3A8F-AA58-4533-B73C-03CC30D42BBB}.Release|x86.Build.0 = Release|Any CPU
		{C7ADFD10-F185-48A0-9845-8DE1FA6D0874}.Debug|Any CPU.ActiveCfg = Debug|Any CPU
		{C7ADFD10-F185-48A0-9845-8DE1FA6D0874}.Debug|Any CPU.Build.0 = Debug|Any CPU
		{C7ADFD10-F185-48A0-9845-8DE1FA6D0874}.Debug|x64.ActiveCfg = Debug|Any CPU
		{C7ADFD10-F185-48A0-9845-8DE1FA6D0874}.Debug|x64.Build.0 = Debug|Any CPU
		{C7ADFD10-F185-48A0-9845-8DE1FA6D0874}.Debug|x86.ActiveCfg = Debug|Any CPU
		{C7ADFD10-F185-48A0-9845-8DE1FA6D0874}.Debug|x86.Build.0 = Debug|Any CPU
		{C7ADFD10-F185-48A0-9845-8DE1FA6D0874}.Release|Any CPU.ActiveCfg = Release|Any CPU
		{C7ADFD10-F185-48A0-9845-8DE1FA6D0874}.Release|Any CPU.Build.0 = Release|Any CPU
		{C7ADFD10-F185-48A0-9845-8DE1FA6D0874}.Release|x64.ActiveCfg = Release|Any CPU
		{C7ADFD10-F185-48A0-9845-8DE1FA6D0874}.Release|x64.Build.0 = Release|Any CPU
		{C7ADFD10-F185-48A0-9845-8DE1FA6D0874}.Release|x86.ActiveCfg = Release|Any CPU
		{C7ADFD10-F185-48A0-9845-8DE1FA6D0874}.Release|x86.Build.0 = Release|Any CPU
		{B7DC25A3-A290-467C-92F2-032BF27CB9CE}.Debug|Any CPU.ActiveCfg = Debug|Any CPU
		{B7DC25A3-A290-467C-92F2-032BF27CB9CE}.Debug|Any CPU.Build.0 = Debug|Any CPU
		{B7DC25A3-A290-467C-92F2-032BF27CB9CE}.Debug|x64.ActiveCfg = Debug|Any CPU
		{B7DC25A3-A290-467C-92F2-032BF27CB9CE}.Debug|x64.Build.0 = Debug|Any CPU
		{B7DC25A3-A290-467C-92F2-032BF27CB9CE}.Debug|x86.ActiveCfg = Debug|Any CPU
		{B7DC25A3-A290-467C-92F2-032BF27CB9CE}.Debug|x86.Build.0 = Debug|Any CPU
		{B7DC25A3-A290-467C-92F2-032BF27CB9CE}.Release|Any CPU.ActiveCfg = Release|Any CPU
		{B7DC25A3-A290-467C-92F2-032BF27CB9CE}.Release|Any CPU.Build.0 = Release|Any CPU
		{B7DC25A3-A290-467C-92F2-032BF27CB9CE}.Release|x64.ActiveCfg = Release|Any CPU
		{B7DC25A3-A290-467C-92F2-032BF27CB9CE}.Release|x64.Build.0 = Release|Any CPU
		{B7DC25A3-A290-467C-92F2-032BF27CB9CE}.Release|x86.ActiveCfg = Release|Any CPU
		{B7DC25A3-A290-467C-92F2-032BF27CB9CE}.Release|x86.Build.0 = Release|Any CPU
		{8E6B0876-04C6-4D79-B39F-293090B4802D}.Debug|Any CPU.ActiveCfg = Debug|Any CPU
		{8E6B0876-04C6-4D79-B39F-293090B4802D}.Debug|Any CPU.Build.0 = Debug|Any CPU
		{8E6B0876-04C6-4D79-B39F-293090B4802D}.Debug|x64.ActiveCfg = Debug|Any CPU
		{8E6B0876-04C6-4D79-B39F-293090B4802D}.Debug|x64.Build.0 = Debug|Any CPU
		{8E6B0876-04C6-4D79-B39F-293090B4802D}.Debug|x86.ActiveCfg = Debug|Any CPU
		{8E6B0876-04C6-4D79-B39F-293090B4802D}.Debug|x86.Build.0 = Debug|Any CPU
		{8E6B0876-04C6-4D79-B39F-293090B4802D}.Release|Any CPU.ActiveCfg = Release|Any CPU
		{8E6B0876-04C6-4D79-B39F-293090B4802D}.Release|Any CPU.Build.0 = Release|Any CPU
		{8E6B0876-04C6-4D79-B39F-293090B4802D}.Release|x64.ActiveCfg = Release|Any CPU
		{8E6B0876-04C6-4D79-B39F-293090B4802D}.Release|x64.Build.0 = Release|Any CPU
		{8E6B0876-04C6-4D79-B39F-293090B4802D}.Release|x86.ActiveCfg = Release|Any CPU
		{8E6B0876-04C6-4D79-B39F-293090B4802D}.Release|x86.Build.0 = Release|Any CPU
		{E294D3AB-725E-4456-8794-55A4D115F841}.Debug|Any CPU.ActiveCfg = Debug|Any CPU
		{E294D3AB-725E-4456-8794-55A4D115F841}.Debug|Any CPU.Build.0 = Debug|Any CPU
		{E294D3AB-725E-4456-8794-55A4D115F841}.Debug|x64.ActiveCfg = Debug|Any CPU
		{E294D3AB-725E-4456-8794-55A4D115F841}.Debug|x64.Build.0 = Debug|Any CPU
		{E294D3AB-725E-4456-8794-55A4D115F841}.Debug|x86.ActiveCfg = Debug|Any CPU
		{E294D3AB-725E-4456-8794-55A4D115F841}.Debug|x86.Build.0 = Debug|Any CPU
		{E294D3AB-725E-4456-8794-55A4D115F841}.Release|Any CPU.ActiveCfg = Release|Any CPU
		{E294D3AB-725E-4456-8794-55A4D115F841}.Release|Any CPU.Build.0 = Release|Any CPU
		{E294D3AB-725E-4456-8794-55A4D115F841}.Release|x64.ActiveCfg = Release|Any CPU
		{E294D3AB-725E-4456-8794-55A4D115F841}.Release|x64.Build.0 = Release|Any CPU
		{E294D3AB-725E-4456-8794-55A4D115F841}.Release|x86.ActiveCfg = Release|Any CPU
		{E294D3AB-725E-4456-8794-55A4D115F841}.Release|x86.Build.0 = Release|Any CPU
		{A2386FA5-D9D4-441B-B454-147E306CFE2E}.Debug|Any CPU.ActiveCfg = Debug|Any CPU
		{A2386FA5-D9D4-441B-B454-147E306CFE2E}.Debug|Any CPU.Build.0 = Debug|Any CPU
		{A2386FA5-D9D4-441B-B454-147E306CFE2E}.Debug|x64.ActiveCfg = Debug|Any CPU
		{A2386FA5-D9D4-441B-B454-147E306CFE2E}.Debug|x64.Build.0 = Debug|Any CPU
		{A2386FA5-D9D4-441B-B454-147E306CFE2E}.Debug|x86.ActiveCfg = Debug|Any CPU
		{A2386FA5-D9D4-441B-B454-147E306CFE2E}.Debug|x86.Build.0 = Debug|Any CPU
		{A2386FA5-D9D4-441B-B454-147E306CFE2E}.Release|Any CPU.ActiveCfg = Release|Any CPU
		{A2386FA5-D9D4-441B-B454-147E306CFE2E}.Release|Any CPU.Build.0 = Release|Any CPU
		{A2386FA5-D9D4-441B-B454-147E306CFE2E}.Release|x64.ActiveCfg = Release|Any CPU
		{A2386FA5-D9D4-441B-B454-147E306CFE2E}.Release|x64.Build.0 = Release|Any CPU
		{A2386FA5-D9D4-441B-B454-147E306CFE2E}.Release|x86.ActiveCfg = Release|Any CPU
		{A2386FA5-D9D4-441B-B454-147E306CFE2E}.Release|x86.Build.0 = Release|Any CPU
		{C459D8C0-73AC-4072-8D4C-621CA7922FD0}.Debug|Any CPU.ActiveCfg = Debug|Any CPU
		{C459D8C0-73AC-4072-8D4C-621CA7922FD0}.Debug|Any CPU.Build.0 = Debug|Any CPU
		{C459D8C0-73AC-4072-8D4C-621CA7922FD0}.Debug|x64.ActiveCfg = Debug|Any CPU
		{C459D8C0-73AC-4072-8D4C-621CA7922FD0}.Debug|x64.Build.0 = Debug|Any CPU
		{C459D8C0-73AC-4072-8D4C-621CA7922FD0}.Debug|x86.ActiveCfg = Debug|Any CPU
		{C459D8C0-73AC-4072-8D4C-621CA7922FD0}.Debug|x86.Build.0 = Debug|Any CPU
		{C459D8C0-73AC-4072-8D4C-621CA7922FD0}.Release|Any CPU.ActiveCfg = Release|Any CPU
		{C459D8C0-73AC-4072-8D4C-621CA7922FD0}.Release|Any CPU.Build.0 = Release|Any CPU
		{C459D8C0-73AC-4072-8D4C-621CA7922FD0}.Release|x64.ActiveCfg = Release|Any CPU
		{C459D8C0-73AC-4072-8D4C-621CA7922FD0}.Release|x64.Build.0 = Release|Any CPU
		{C459D8C0-73AC-4072-8D4C-621CA7922FD0}.Release|x86.ActiveCfg = Release|Any CPU
		{C459D8C0-73AC-4072-8D4C-621CA7922FD0}.Release|x86.Build.0 = Release|Any CPU
		{38FE4225-4FE3-4EEC-ABB6-F4E4CFF524F4}.Debug|Any CPU.ActiveCfg = Debug|Any CPU
		{38FE4225-4FE3-4EEC-ABB6-F4E4CFF524F4}.Debug|Any CPU.Build.0 = Debug|Any CPU
		{38FE4225-4FE3-4EEC-ABB6-F4E4CFF524F4}.Debug|x64.ActiveCfg = Debug|Any CPU
		{38FE4225-4FE3-4EEC-ABB6-F4E4CFF524F4}.Debug|x64.Build.0 = Debug|Any CPU
		{38FE4225-4FE3-4EEC-ABB6-F4E4CFF524F4}.Debug|x86.ActiveCfg = Debug|Any CPU
		{38FE4225-4FE3-4EEC-ABB6-F4E4CFF524F4}.Debug|x86.Build.0 = Debug|Any CPU
		{38FE4225-4FE3-4EEC-ABB6-F4E4CFF524F4}.Release|Any CPU.ActiveCfg = Release|Any CPU
		{38FE4225-4FE3-4EEC-ABB6-F4E4CFF524F4}.Release|Any CPU.Build.0 = Release|Any CPU
		{38FE4225-4FE3-4EEC-ABB6-F4E4CFF524F4}.Release|x64.ActiveCfg = Release|Any CPU
		{38FE4225-4FE3-4EEC-ABB6-F4E4CFF524F4}.Release|x64.Build.0 = Release|Any CPU
		{38FE4225-4FE3-4EEC-ABB6-F4E4CFF524F4}.Release|x86.ActiveCfg = Release|Any CPU
		{38FE4225-4FE3-4EEC-ABB6-F4E4CFF524F4}.Release|x86.Build.0 = Release|Any CPU
	EndGlobalSection
	GlobalSection(SolutionProperties) = preSolution
		HideSolutionNode = FALSE
	EndGlobalSection
	GlobalSection(ExtensibilityGlobals) = postSolution
		SolutionGuid = {E4D6A0B7-2D2C-4F30-B19A-983986D93B5D}
	EndGlobalSection
EndGlobal
