
Microsoft Visual Studio Solution File, Format Version 12.00
# Visual Studio Version 17
VisualStudioVersion = 17.9.34714.143
MinimumVisualStudioVersion = 10.0.40219.1
Project("{9A19103F-16F7-4668-BE54-9A1E7A4F7556}") = "Rin.Engine", "Rin.Engine\Rin.Engine.csproj", "{5D8EAE44-56A0-4744-B71A-A9CCB45C8C4A}"
EndProject
Project("{FAE04EC0-301F-11D3-BF4B-00C04F79EFBC}") = "rin.Examples.ViewsTest", "rin.Examples\ViewsTest\rin.Examples.ViewsTest.csproj", "{515D3A8F-AA58-4533-B73C-03CC30D42BBB}"
EndProject
Project("{FAE04EC0-301F-11D3-BF4B-00C04F79EFBC}") = "rin.Examples.SceneTest", "rin.Examples\SceneTest\rin.Examples.SceneTest.csproj", "{8E6B0876-04C6-4D79-B39F-293090B4802D}"
EndProject
Project("{FAE04EC0-301F-11D3-BF4B-00C04F79EFBC}") = "rin.Examples.AudioPlayer", "rin.Examples\AudioPlayer\rin.Examples.AudioPlayer.csproj", "{E294D3AB-725E-4456-8794-55A4D115F841}"
EndProject
Project("{FAE04EC0-301F-11D3-BF4B-00C04F79EFBC}") = "rin.Examples.Common", "rin.Examples\Common\rin.Examples.Common.csproj", "{0CF7CD4B-44CA-4CB0-87DE-599DBCD66F71}"
EndProject
Project("{FAE04EC0-301F-11D3-BF4B-00C04F79EFBC}") = "Rin.Editor", "Rin.Editor\Rin.Editor.csproj", "{58FA237F-22F4-4454-8C3D-6BCDF39F170A}"
EndProject
Project("{FAE04EC0-301F-11D3-BF4B-00C04F79EFBC}") = "misc.VectorRendering", "misc.VectorRendering\misc.VectorRendering.csproj", "{0ABED806-8139-4A4C-B9DB-C9C2DA187996}"
EndProject
Project("{FAE04EC0-301F-11D3-BF4B-00C04F79EFBC}") = "rin.assets", "rin.assets\rin.assets.csproj", "{5092A9EA-CDE6-4F68-8FDD-8DF6BDC58000}"
EndProject
Global
	GlobalSection(SolutionConfigurationPlatforms) = preSolution
		Debug|Any CPU = Debug|Any CPU
		Debug|x64 = Debug|x64
		Debug|x86 = Debug|x86
		Release|Any CPU = Release|Any CPU
		Release|x64 = Release|x64
		Release|x86 = Release|x86
	EndGlobalSection
	GlobalSection(ProjectConfigurationPlatforms) = postSolution
		{5D8EAE44-56A0-4744-B71A-A9CCB45C8C4A}.Debug|Any CPU.ActiveCfg = Debug|Any CPU
		{5D8EAE44-56A0-4744-B71A-A9CCB45C8C4A}.Debug|Any CPU.Build.0 = Debug|Any CPU
		{5D8EAE44-56A0-4744-B71A-A9CCB45C8C4A}.Debug|x64.ActiveCfg = Debug|Any CPU
		{5D8EAE44-56A0-4744-B71A-A9CCB45C8C4A}.Debug|x64.Build.0 = Debug|Any CPU
		{5D8EAE44-56A0-4744-B71A-A9CCB45C8C4A}.Debug|x86.ActiveCfg = Debug|Any CPU
		{5D8EAE44-56A0-4744-B71A-A9CCB45C8C4A}.Debug|x86.Build.0 = Debug|Any CPU
		{5D8EAE44-56A0-4744-B71A-A9CCB45C8C4A}.Release|Any CPU.ActiveCfg = Release|Any CPU
		{5D8EAE44-56A0-4744-B71A-A9CCB45C8C4A}.Release|Any CPU.Build.0 = Release|Any CPU
		{5D8EAE44-56A0-4744-B71A-A9CCB45C8C4A}.Release|x64.ActiveCfg = Release|Any CPU
		{5D8EAE44-56A0-4744-B71A-A9CCB45C8C4A}.Release|x64.Build.0 = Release|Any CPU
		{5D8EAE44-56A0-4744-B71A-A9CCB45C8C4A}.Release|x86.ActiveCfg = Release|Any CPU
		{5D8EAE44-56A0-4744-B71A-A9CCB45C8C4A}.Release|x86.Build.0 = Release|Any CPU
		{515D3A8F-AA58-4533-B73C-03CC30D42BBB}.Debug|Any CPU.ActiveCfg = Debug|Any CPU
		{515D3A8F-AA58-4533-B73C-03CC30D42BBB}.Debug|Any CPU.Build.0 = Debug|Any CPU
		{515D3A8F-AA58-4533-B73C-03CC30D42BBB}.Debug|x64.ActiveCfg = Debug|Any CPU
		{515D3A8F-AA58-4533-B73C-03CC30D42BBB}.Debug|x64.Build.0 = Debug|Any CPU
		{515D3A8F-AA58-4533-B73C-03CC30D42BBB}.Debug|x86.ActiveCfg = Debug|Any CPU
		{515D3A8F-AA58-4533-B73C-03CC30D42BBB}.Debug|x86.Build.0 = Debug|Any CPU
		{515D3A8F-AA58-4533-B73C-03CC30D42BBB}.Release|Any CPU.ActiveCfg = Release|Any CPU
		{515D3A8F-AA58-4533-B73C-03CC30D42BBB}.Release|Any CPU.Build.0 = Release|Any CPU
		{515D3A8F-AA58-4533-B73C-03CC30D42BBB}.Release|x64.ActiveCfg = Release|Any CPU
		{515D3A8F-AA58-4533-B73C-03CC30D42BBB}.Release|x64.Build.0 = Release|Any CPU
		{515D3A8F-AA58-4533-B73C-03CC30D42BBB}.Release|x86.ActiveCfg = Release|Any CPU
		{515D3A8F-AA58-4533-B73C-03CC30D42BBB}.Release|x86.Build.0 = Release|Any CPU
		{8E6B0876-04C6-4D79-B39F-293090B4802D}.Debug|Any CPU.ActiveCfg = Debug|Any CPU
		{8E6B0876-04C6-4D79-B39F-293090B4802D}.Debug|Any CPU.Build.0 = Debug|Any CPU
		{8E6B0876-04C6-4D79-B39F-293090B4802D}.Debug|x64.ActiveCfg = Debug|Any CPU
		{8E6B0876-04C6-4D79-B39F-293090B4802D}.Debug|x64.Build.0 = Debug|Any CPU
		{8E6B0876-04C6-4D79-B39F-293090B4802D}.Debug|x86.ActiveCfg = Debug|Any CPU
		{8E6B0876-04C6-4D79-B39F-293090B4802D}.Debug|x86.Build.0 = Debug|Any CPU
		{8E6B0876-04C6-4D79-B39F-293090B4802D}.Release|Any CPU.ActiveCfg = Release|Any CPU
		{8E6B0876-04C6-4D79-B39F-293090B4802D}.Release|Any CPU.Build.0 = Release|Any CPU
		{8E6B0876-04C6-4D79-B39F-293090B4802D}.Release|x64.ActiveCfg = Release|Any CPU
		{8E6B0876-04C6-4D79-B39F-293090B4802D}.Release|x64.Build.0 = Release|Any CPU
		{8E6B0876-04C6-4D79-B39F-293090B4802D}.Release|x86.ActiveCfg = Release|Any CPU
		{8E6B0876-04C6-4D79-B39F-293090B4802D}.Release|x86.Build.0 = Release|Any CPU
		{E294D3AB-725E-4456-8794-55A4D115F841}.Debug|Any CPU.ActiveCfg = Debug|Any CPU
		{E294D3AB-725E-4456-8794-55A4D115F841}.Debug|Any CPU.Build.0 = Debug|Any CPU
		{E294D3AB-725E-4456-8794-55A4D115F841}.Debug|x64.ActiveCfg = Debug|Any CPU
		{E294D3AB-725E-4456-8794-55A4D115F841}.Debug|x64.Build.0 = Debug|Any CPU
		{E294D3AB-725E-4456-8794-55A4D115F841}.Debug|x86.ActiveCfg = Debug|Any CPU
		{E294D3AB-725E-4456-8794-55A4D115F841}.Debug|x86.Build.0 = Debug|Any CPU
		{E294D3AB-725E-4456-8794-55A4D115F841}.Release|Any CPU.ActiveCfg = Release|Any CPU
		{E294D3AB-725E-4456-8794-55A4D115F841}.Release|Any CPU.Build.0 = Release|Any CPU
		{E294D3AB-725E-4456-8794-55A4D115F841}.Release|x64.ActiveCfg = Release|Any CPU
		{E294D3AB-725E-4456-8794-55A4D115F841}.Release|x64.Build.0 = Release|Any CPU
		{E294D3AB-725E-4456-8794-55A4D115F841}.Release|x86.ActiveCfg = Release|Any CPU
		{E294D3AB-725E-4456-8794-55A4D115F841}.Release|x86.Build.0 = Release|Any CPU
		{0CF7CD4B-44CA-4CB0-87DE-599DBCD66F71}.Debug|Any CPU.ActiveCfg = Debug|Any CPU
		{0CF7CD4B-44CA-4CB0-87DE-599DBCD66F71}.Debug|Any CPU.Build.0 = Debug|Any CPU
		{0CF7CD4B-44CA-4CB0-87DE-599DBCD66F71}.Debug|x64.ActiveCfg = Debug|Any CPU
		{0CF7CD4B-44CA-4CB0-87DE-599DBCD66F71}.Debug|x64.Build.0 = Debug|Any CPU
		{0CF7CD4B-44CA-4CB0-87DE-599DBCD66F71}.Debug|x86.ActiveCfg = Debug|Any CPU
		{0CF7CD4B-44CA-4CB0-87DE-599DBCD66F71}.Debug|x86.Build.0 = Debug|Any CPU
		{0CF7CD4B-44CA-4CB0-87DE-599DBCD66F71}.Release|Any CPU.ActiveCfg = Release|Any CPU
		{0CF7CD4B-44CA-4CB0-87DE-599DBCD66F71}.Release|Any CPU.Build.0 = Release|Any CPU
		{0CF7CD4B-44CA-4CB0-87DE-599DBCD66F71}.Release|x64.ActiveCfg = Release|Any CPU
		{0CF7CD4B-44CA-4CB0-87DE-599DBCD66F71}.Release|x64.Build.0 = Release|Any CPU
		{0CF7CD4B-44CA-4CB0-87DE-599DBCD66F71}.Release|x86.ActiveCfg = Release|Any CPU
		{0CF7CD4B-44CA-4CB0-87DE-599DBCD66F71}.Release|x86.Build.0 = Release|Any CPU
		{58FA237F-22F4-4454-8C3D-6BCDF39F170A}.Debug|Any CPU.ActiveCfg = Debug|Any CPU
		{58FA237F-22F4-4454-8C3D-6BCDF39F170A}.Debug|Any CPU.Build.0 = Debug|Any CPU
		{58FA237F-22F4-4454-8C3D-6BCDF39F170A}.Debug|x64.ActiveCfg = Debug|Any CPU
		{58FA237F-22F4-4454-8C3D-6BCDF39F170A}.Debug|x64.Build.0 = Debug|Any CPU
		{58FA237F-22F4-4454-8C3D-6BCDF39F170A}.Debug|x86.ActiveCfg = Debug|Any CPU
		{58FA237F-22F4-4454-8C3D-6BCDF39F170A}.Debug|x86.Build.0 = Debug|Any CPU
		{58FA237F-22F4-4454-8C3D-6BCDF39F170A}.Release|Any CPU.ActiveCfg = Release|Any CPU
		{58FA237F-22F4-4454-8C3D-6BCDF39F170A}.Release|Any CPU.Build.0 = Release|Any CPU
		{58FA237F-22F4-4454-8C3D-6BCDF39F170A}.Release|x64.ActiveCfg = Release|Any CPU
		{58FA237F-22F4-4454-8C3D-6BCDF39F170A}.Release|x64.Build.0 = Release|Any CPU
		{58FA237F-22F4-4454-8C3D-6BCDF39F170A}.Release|x86.ActiveCfg = Release|Any CPU
		{58FA237F-22F4-4454-8C3D-6BCDF39F170A}.Release|x86.Build.0 = Release|Any CPU
		{0ABED806-8139-4A4C-B9DB-C9C2DA187996}.Debug|Any CPU.ActiveCfg = Debug|Any CPU
		{0ABED806-8139-4A4C-B9DB-C9C2DA187996}.Debug|Any CPU.Build.0 = Debug|Any CPU
		{0ABED806-8139-4A4C-B9DB-C9C2DA187996}.Debug|x64.ActiveCfg = Debug|Any CPU
		{0ABED806-8139-4A4C-B9DB-C9C2DA187996}.Debug|x64.Build.0 = Debug|Any CPU
		{0ABED806-8139-4A4C-B9DB-C9C2DA187996}.Debug|x86.ActiveCfg = Debug|Any CPU
		{0ABED806-8139-4A4C-B9DB-C9C2DA187996}.Debug|x86.Build.0 = Debug|Any CPU
		{0ABED806-8139-4A4C-B9DB-C9C2DA187996}.Release|Any CPU.ActiveCfg = Release|Any CPU
		{0ABED806-8139-4A4C-B9DB-C9C2DA187996}.Release|Any CPU.Build.0 = Release|Any CPU
		{0ABED806-8139-4A4C-B9DB-C9C2DA187996}.Release|x64.ActiveCfg = Release|Any CPU
		{0ABED806-8139-4A4C-B9DB-C9C2DA187996}.Release|x64.Build.0 = Release|Any CPU
		{0ABED806-8139-4A4C-B9DB-C9C2DA187996}.Release|x86.ActiveCfg = Release|Any CPU
		{0ABED806-8139-4A4C-B9DB-C9C2DA187996}.Release|x86.Build.0 = Release|Any CPU
		{5092A9EA-CDE6-4F68-8FDD-8DF6BDC58000}.Debug|Any CPU.ActiveCfg = Debug|Any CPU
		{5092A9EA-CDE6-4F68-8FDD-8DF6BDC58000}.Debug|Any CPU.Build.0 = Debug|Any CPU
		{5092A9EA-CDE6-4F68-8FDD-8DF6BDC58000}.Debug|x64.ActiveCfg = Debug|Any CPU
		{5092A9EA-CDE6-4F68-8FDD-8DF6BDC58000}.Debug|x64.Build.0 = Debug|Any CPU
		{5092A9EA-CDE6-4F68-8FDD-8DF6BDC58000}.Debug|x86.ActiveCfg = Debug|Any CPU
		{5092A9EA-CDE6-4F68-8FDD-8DF6BDC58000}.Debug|x86.Build.0 = Debug|Any CPU
		{5092A9EA-CDE6-4F68-8FDD-8DF6BDC58000}.Release|Any CPU.ActiveCfg = Release|Any CPU
		{5092A9EA-CDE6-4F68-8FDD-8DF6BDC58000}.Release|Any CPU.Build.0 = Release|Any CPU
		{5092A9EA-CDE6-4F68-8FDD-8DF6BDC58000}.Release|x64.ActiveCfg = Release|Any CPU
		{5092A9EA-CDE6-4F68-8FDD-8DF6BDC58000}.Release|x64.Build.0 = Release|Any CPU
		{5092A9EA-CDE6-4F68-8FDD-8DF6BDC58000}.Release|x86.ActiveCfg = Release|Any CPU
		{5092A9EA-CDE6-4F68-8FDD-8DF6BDC58000}.Release|x86.Build.0 = Release|Any CPU
	EndGlobalSection
	GlobalSection(SolutionProperties) = preSolution
		HideSolutionNode = FALSE
	EndGlobalSection
	GlobalSection(ExtensibilityGlobals) = postSolution
		SolutionGuid = {E4D6A0B7-2D2C-4F30-B19A-983986D93B5D}
	EndGlobalSection
EndGlobal
